{
    "_meta": {
        "hash": {
            "sha256": "002915a11691a7fe53a0c2931a4ae88e244d808cc7ff177f1f44e53479a51acb"
        },
        "pipfile-spec": 6,
        "requires": {
            "python_version": "3.12"
        },
        "sources": [
            {
                "name": "pypi",
                "url": "https://pypi.org/simple",
                "verify_ssl": true
            }
        ]
    },
    "default": {
        "certifi": {
            "hashes": [
                "sha256:62f22742b58a1a33014a2b6b706588a8d7e2a88ae7bd1a6ebe8c992928483775",
                "sha256:741e2c3b351ddf169a738da9f2c048608ff7f2c5cc02f1ebc6b118bb090d5d55"
            ],
            "markers": "python_version >= '3.7'",
            "version": "==2026.7.22"
        },
        "charset-normalizer": {
            "hashes": [
                "sha256:0327fcd59a935777d83410750c50600ee9571af2846f71ce40f25b13da1ef380",
                "sha256:03d07803992c6c7bbc976327f34b18b6160327fc81cb82c9d504720ac0be3b62",
                "sha256:04ce310cb89c15df659582aee80a0603788732a5e017d5bd5c81158106ce249c",
                "sha256:0d861473f743244d349b50f850d10eb87aeb22bbdcc8e64f79273c94af5a8226",
                "sha256:0e94703ec9684807f20cfb5eed95c70f67f2a8f21ad620146d7b5a13677b93e5",
                "sha256:0fa1aec2d32bcc03c8fa0f6f1712caad1adc38509f31142112e5c9daf5b9c833",
                "sha256:16b65ea0f2465b6fb52aa22de5eca612aa964ddfec00a912e26f4656cbef890b",
                "sha256:16d10d789dd9bcca1173c95af82c58433122564b7bc39385124be735a35cbe99",
                "sha256:19ac87f93086ce37b86e098888555c4b4bc48102279bae3350098c0ed664b501",
                "sha256:1d22856ffbe153a602df38e4a5464f0b748a54002e0d69ac6d2ad0a197cc99ec",
                "sha256:21e764fd1e70b6a3e205a0e46f3051701f98a8cb3fad66eeb80e48bb502f8698",
                "sha256:231ddcbb35e2ff8973e1365db41fe0572662893b99a05deb183b68ad4c0c8bd4",
                "sha256:253a4a220747e8b5faf57ec320c4f5efb0cef05f647420bf267143ec15dba10a",
                "sha256:280081916dc341820640489a66e4696049401ef1cf6dd672f672e70ad915aca3",
                "sha256:2a441ea71902098ffe78c5abe6c494f44160b4af614ed16c3d9a3b1d17fd8ee2",
                "sha256:304b13570067b2547562e308af560b3963857b1fa90bd6afd978130130fe2d6a",
                "sha256:32286a2c8d167e897177b673176c1e3e00d4057caf5d2b64eef9a3666b03018e",
                "sha256:33bdcc2a32c0a0e861f60841a512c8acc658c87c2ac59d89e3a46dacf7d866e4",
                "sha256:375b83ed0aecfce76c16d198fbc21f3b11b337d68662bea0a995046682a11419",
                "sha256:3c09a49d6cde137258beb3d551994a2927fd35ad5cf96aed573f61bbd67c5f84",
                "sha256:3d92613ec25e43b05f042302531ec0f00b8445190e43325880cbd6ab7c2581da",
                "sha256:40a126142a56b2dfc0aacbad1de8310cbf60da7656db0e6b16eebd48e3e93519",
                "sha256:416c229f77e5ea25b3dfd4b582f8d73d7e43c22320302b9ab128a2d3a0b38efe",
                "sha256:432786d3561e69aeeae6c7e8648964ce0ad05736120135601f87ac26b9c83381",
                "sha256:43b9e366a31fdd1c87d0eb08f579b4a82b723ea54338f040d6b4e518a026ea29",
                "sha256:440eede837960000d74978f0eba527be106b5b9aee0daf779d395276ed0b0614",
                "sha256:45b0cc4e3556cd875e09102988d1ab8356c998b596c9fced84547c8138b487a0",
                "sha256:476743fe6dfe14a2da12e3ac79125dc84a3b2cf8094369a47a1529b0cd8549fe",
                "sha256:4773092f8019072343a7447203308b176e10199920eb02d6195e81bbb3274c29",
                "sha256:4b3dac63058cc36820b0dd072f89898604e2d39686fe05321729d00d8ac185a0",
                "sha256:4d1c96a7a18b9690a4d46df09e3e3382406ae3213727cd1019ebade1c4a81917",
                "sha256:51307f5c71007673a2bf8232ad973483d281e74cb99c8c5a990af1eefa6277d9",
                "sha256:51447e9aa2684679af07ca5021c3db526e0284347ebf4ffcec1154c3350cfe32",
                "sha256:58150c9f9b9a552505912d182ccdf26f6396fb6094816ceebcbb20eecabaed94",
                "sha256:5b10cd92fc5c498b35a8635df6d5a100207f88b63a4dc1de7ef9a548e1e2cd63",
                "sha256:5e226f6218febc71f6c1fc2fafb91c226f75bdc1d8fb12d66823716e891608fd",
                "sha256:609b3ba8fcc0fb5ab7af00719d0fb6ad0cb518e48e7712d12fd68f1327951198",
                "sha256:60f44ade2cf573dad7a277e6f8ca9a51a21dda572b13bd7d8539bb3cd5dbedde",
                "sha256:611057cc5d5c0afc743ba8be6bd828c17e0aaa8643f9d0a9b9bb7dea80eb8012",
                "sha256:6366a16e1a25018694d6a5d784d09b046edc9eac40ea2b54065c3052672516a1",
                "sha256:65a7ff3f705e57d392f7261b6d0550fe137c3019477431f1c355e0db0a7d3e15",
                "sha256:673611bbd43f0810bec0b0f028ddeaaa501190339cac411f347ac76917c3ae7b",
                "sha256:67830fc78e67501f47bb950471b2dcb9b35b140084429318e862895a8e89c993",
                "sha256:68ce9f4d6b26d5ccbf7fd4459bf75f74a0a146677ebba80597df60cbdb20e6f4",
                "sha256:68e5f26a1ad57ded6d1cfb85331d1c1a195314756471d97758c48498bb4dcdf5",
                "sha256:69b157c5d3292bcd443faca052f3096f637f1e074b98212a933c074ae23dc3b8",
                "sha256:75286256590a6320cf106a0d28970d3560aad9ee09aa7b34fb40524792436d35",
                "sha256:78841cccf1af7b40f6f716338d50c0902dbe88d9f800b3c973b7a9a0a693a642",
                "sha256:78fa18e436a1a0e58dbd7e02fc4473f3f32cceb12df9dfca542d075961c307d2",
                "sha256:79580094b00d1789d1f93ea55bc43cb2f611910c72235b7657f3482ddcc1b22d",
                "sha256:7b86a2b16095d250c6f58b3d9b2eee6f4147754344f3dab0922f7c9bf7d226c9",
                "sha256:83aed2c10721ddd90f68140685391b50811a880af20654c59af6b6c66c40513c",
                "sha256:84fd18bcc17526fc2b3c1af7d2b9217d32c9c04448c16ec693b9b4f1985c3d33",
                "sha256:871ff67ea1aad4dfd91736464934d56b32dac49f9fbe16cddba36198a7b3a0db",
                "sha256:898f0e9068ca27d37f8e83a5b962821df851532e6c4a7d615c1c033f9da6eedf",
                "sha256:8a79d9f4d8001473a30c163556b3c3bfebec837495a412dde78b51672f6134f9",
                "sha256:8c041122946b7ba21bb32c45b1aa57b1be35527690aeb3c5c234521085632eee",
                "sha256:90c44bc373b7687f6948b693cceaea1348ae0975d7474746559494468e3c1d84",
                "sha256:9104ed0bd76a429d46f9ec0dbc9b08ad1d2dcdf2b00a5a0daa1c145329b35b44",
                "sha256:920079c3f7456fa213e0829ed2073aaa727fd39d889ead5b4f35d0de5460d04f",
                "sha256:93d59d504b230e83c7a843251681959a0b6a9cd76f6e146ce1b8a80eb8739af9",
                "sha256:9b2aff1c7b3884512b9512c3eaadd9bab39fb45042ffaaa1dd08ff2b9f8109d9",
                "sha256:9b8e0f3107e2200b76f6054de99016eac3ee6762713587b36baaa7e4bd2ae177",
                "sha256:9bb41182d93ea91f60b4bc8fbf4c820c69ef8a12ab2d917f3f1834f1acad07e8",
                "sha256:9cdef90ae47919cae358d8ab15797a800ed41da7aba5d72419fb510729e2ed4b",
                "sha256:a1786910334ed46ab1dd73222f2cd1e05c2c3bb39f6dddb4f8b36fc382058a39",
                "sha256:a4cfde78a9f2880208d16a93b795726a3017d5977e08d1e162a7a31322479c41",
                "sha256:a4fbdde9dd4a9ce5fd52c2b3a347bb50cc89483ef783f1cb00d408c13f7a96c0",
                "sha256:aa99adc8f081b475a12843953db36831eaf83ec33eb46a90629ca6a5de45a616",
                "sha256:ac351b3b8014eead140e77e9717e2992c6bbe30b63bc3422422eb84865412e3d",
                "sha256:ad41ba96094304aa090f5a30cb6e4fb3b3f1c264c523394b4c39bbacc4dc92ba",
                "sha256:b5314963fce9b0b12743891de876e724997864ee22aa496f903f426c7e2fa5b2",
                "sha256:bcf74c1df76758a395bf0af608c04c82257523f55c9868b334f06270d0f2112b",
                "sha256:bd47ba7fc3ca94896759ea0109775132d3e7ab921fbf54038e1bab2e46c313c9",
                "sha256:c0323c9daef75ef2e5083624b4585018a0c9d5e3b40f607eed81a311270b934b",
                "sha256:c1225416b463483160e4af85d5fc3a9690ccb53fd4b1865a6437825f5ede3209",
                "sha256:c1c948747b03be832dceed96ca815cef7360de9aa19d37c730f8e3f6101aca48",
                "sha256:c25fe15c70c59eb7c5ce8c06a1f3fa1da0ecc5ea1e7a5922c40fd2fa9b0d5046",
                "sha256:cc1b0fff8ead343dae06305f954eb8468ba0ec1a97881f42489d198e4ce3c632",
                "sha256:cd6280cf040f233bd7d3407b743b4b4c74f70e8e1c4199cb112a62c941c0772a",
                "sha256:cd6c3d4b783c556fa00bf540854e42f135e2f256abd29669fcd0da0f2dec79c2",
                "sha256:d4d6fcde76f94f5cb9e43e9e9a61f16dacefd228cbbf6f1a09bd9b219a92f1a1",
                "sha256:ddf4af30b417d9fe16481e9b81c27ab2a7cde1ff7ba3e85653b02db7d145dc7b",
                "sha256:df115d4d83168fdf2cae48ef1ff6d1cb4c466364e30861b37121de0f3bf1b990",
                "sha256:df7276909358e5635ae203673ab7e509ddd224225a8d6b0790bf13eb2bde1cc5",
                "sha256:e4fd89cc178bced6ad29cb3e6dd4aa63fa5017c3524dbd0b25998fb64a87cc8b",
                "sha256:e9701d0049d92c16703a42771b98d560b95248949f23f8cf7b4eddd201814fb9",
                "sha256:ee2f2a527e3c1a6e6411eb4209642e138b544a2d72fe5d0d76daf77b24063534",
                "sha256:f7fb7d750cfa0a070d2c24e831fd3481019a60dd317ea2b39acbcebc08b6ed81",
                "sha256:f840ed6d8ecba8255df8c42b87fadeda98ddfc6eeec05e2dc66e26d46dd6f58a",
                "sha256:f86c6358749bd4fda175388691e3ba8c46e24c5347d0afd20f9b7edfc9faf07d",
                "sha256:fa36ec09ef71d158186bc79e359ff5fdd6e7996fe8ab638f00d6b93139ba4fcf",
                "sha256:fe2c7201c642b7c308f1675355ad7ff7b66acfe3541625efe5a3ad38f29d6115"
            ],
            "markers": "python_version >= '3.7'",
            "version": "==3.4.9"
        },
        "docopt": {
            "hashes": [
                "sha256:49b3a825280bd66b3aa83585ef59c4a8c82f2c8a522dbe754a8bc8d08c85c491"
            ],
            "index": "pypi",
            "version": "==0.6.2"
        },
        "idna": {
            "hashes": [
                "sha256:7f952cbe720b688055e3f87de14f5c3e5fdaa8bc3928985c4077ca689de849a2",
                "sha256:ffb385a7e039654cef1ab9ef32c6fafe283c0c0467bba1d9029738ce4a14a848"
            ],
            "markers": "python_version >= '3.9'",
            "version": "==3.18"
        },
        "rapidfuzz": {
            "hashes": [
                "sha256:014ac55b03f4074f903248ded181f3000f4cdbd134e6155cbf643f0eceb4f70f",
                "sha256:08d8b49b3a4fb8572e480e73fcddc750da9cbb8696752ee12cca4bf8c8220d52",
                "sha256:0bb28ab5300cf974c7eb68ea21125c493e74b35b1129e629533468b2064ae0a2",
                "sha256:0c5b8f9a7b177af6ce7c6ad5b95588b4b73e37917711aafa33b2e79ee80fe709",
                "sha256:0ca799f882364e69d0872619afb19efa3652b7133c18352e4a3d86a324fb2bb1",
                "sha256:0dcb95fde22f98e6d0480db8d6038c45fe2d18a338690e6f9bba9b82323f3469",
                "sha256:0e2e106cc66453bb80d2ad9c0044f8287415676df5c8036d737d05d4b9cdbf8e",
                "sha256:0e86e39c1c1a0816ceda836e6f7bd3743b930cbc51a43a81bb433b552f203f25",
                "sha256:1179dcd3d150a67b8a678cd9c84f3baff7413ff13c9e8fe85e52a16c97e24c9b",
                "sha256:11a7ec4676242c8a430509cff42ce98bca2fbe30188a63d0f60fdcbfd7e84970",
                "sha256:134b7098ac109834eeea81424b6822f33c4c52bf80b81508295611e7a21be12a",
                "sha256:13857f9070600ea1f940749f123b02d0b027afbaa45e72186df0f278915761d0",
                "sha256:170822a1b1719f02b58e3dce194c8ad7d4c5b39be38c0fdec603bd19c6f9cf81",
                "sha256:182b4e11de928fb4834e8f8b5ecd971b5b10a86fabe8636ab65d3a9b7e0e9ca7",
                "sha256:1b1f74997b6d94d66375479fa55f70b1c18e4d865d7afcd13f0785bfd40a9d3c",
                "sha256:1d536f8beb8dd82d6efb20fe9f82c2cfab9ffa0384b5d184327e393a4edde91d",
                "sha256:2003071aa633477a01509890c895f9ef56cf3f2eaa72c7ec0b567f743c1abcba",
                "sha256:2444d8155d9846f206e2079bb355b85f365d9457480b0d71677a112d0a7f7128",
                "sha256:28da953eb2ef9ad527e536022da7afff6ace7126cdd6f3e21ac20f8762e76d2c",
                "sha256:2a96209f046fe328be30fc43f06e3d4b91f0d5b74e9dcd627dbfd65890fa4a5e",
                "sha256:2bc5559b9b94326922c096b30ae2d8e5b40b2e9c2c100c2cc396ad91bcb84d30",
                "sha256:2d267d4c982ab7d177e994ab1f31b98ff3814f6791b90d35dda38307b9e7c989",
                "sha256:3083512e9bf6ed2bb3d25883922974f55e21ae7f8e9f4e298634691ae1aee583",
                "sha256:30f7609da871510583f87484a10820b26555a473a90ab356cdda2f3b4456256c",
                "sha256:33cfabcb7fd994938a6a08e641613ce5fe46757832edc789c6a5602e7933d6fa",
                "sha256:36bf35df2d6c7d5820da20a6720aee34f67c15cd2daf8cf92e8141995c640c25",
                "sha256:3733aede16ea112728ffeafeb29ccc62e095ed8ec816822fa2a82e92e2c08696",
                "sha256:3904d0084ab51f82e9f353031554965524f535522a48ec75c30b223eb5a0a488",
                "sha256:3a16c48c6df8fb633efbbdea744361025d01d79bca988f884a620e63e782fe5b",
                "sha256:3c42a238bf9dd48f4ccec4c6934ac718225b00bb3a438a008c219e7ccb3894c7",
                "sha256:3f4a2468432a1db491af6f547fad8f6d55fa03e57265c2f20e5eaceb68c7907e",
                "sha256:413ac49bae291d7e226a5c9be65c71b2630b3346bce39268d02cb3290232e4b7",
                "sha256:4514980a5d204c076dd5b756960f6b1b7598f030009456e6109d76c4c331d03c",
                "sha256:47b7c0840afa724db3b1a070bc6ed5beab73b4e659b1d395023617fc51bf68a2",
                "sha256:47d97e28c42f1efb7781993b67c749223f198f6653ef177a0c8f2b1c516efcaf",
                "sha256:48105991ff6e4a51c7f754df500baa070270ed3d41784ee0d097549bc9fcb16d",
                "sha256:488f74126904db6b1bea545c2f3567ea882099f4c13f46012fe8f4b990c683df",
                "sha256:491274080742110427f38a6085bb12dffcaff1eef12dccf9e8758398c7e3957e",
                "sha256:4eea3bf72c4fe68e957526ffd6bcbb403a21baa6b3344aaae2d3252313df6199",
                "sha256:544b0bf9d17170720809918e9ccd0d482d4a3a6eca35630d8e1459f737f71755",
                "sha256:55e2c5076f38fc1dbaacb95fa026a3e409eee6ea5ac4016d44fb30e4cad42b20",
                "sha256:5c396562d304e974b4b0d5cd3afc4f92c113ea46a36e6bc62e45333d6aa8837e",
                "sha256:623883fb78e692d54ed7c43b09beec52c6685f10a45a7518128e25746667403b",
                "sha256:633b9d03fc04abc585c197104b1d0af04b1f1db1abc99f674d871224cd15557a",
                "sha256:65d9250a4b0bf86320097306084bc3ca479c8f5491927c170d018787793ebe95",
                "sha256:68da1b70458fea5290ec9a169fcffe0c17ff7e5bb3c3257e63d7021a50601a8e",
                "sha256:6993d361f28b9ef5f0fa4e79b8541c2f3507be7471b9f9cb403a255e123b31e1",
                "sha256:6a7f273906b3c7cc6d63a76e088200805947aa0bc1ada42c6a0e582e19c390d7",
                "sha256:6a83128d505cac76ea560bb9afcb3f6986e14e50a6f467db9a31faef4bd9b347",
                "sha256:6c1ed63345d1581c39d4446b1a8c8f550709656ce2a3c88c47850b258167f3c2",
                "sha256:731269812ea837e0b93d913648e404736407408e33a00b75741e8f27c590caa2",
                "sha256:7988363b3a415c5194ce1a68d380629247f8713e669ad81db7548eb156c4f365",
                "sha256:7c09f4e87e82a164c9db769474bc61f8c8b677f2aeb0234b8abac73d2ecf9799",
                "sha256:849160dc0f128acb343af514ca827278005c1d00148d025e4035e034fc2d8c7f",
                "sha256:8e5ff882d3a3d081157ceba7e0ebc7fac775f95b08cbb143accd4cece6043819",
                "sha256:905b01a9b633394ff6bb5ebb1c5fd660e0e180c03fcf9d90199cc6ed74b87cf7",
                "sha256:9a06a99f1335fe43464d7121bc6540de7cd9c9475ac2025babb373fe7f27846b",
                "sha256:9bc0f7e6256a9c668482c41c8a3de5d0aa12e8ca346dcc427b97c7edb82cba48",
                "sha256:9d6478957fb35c7844ad08f2442b62ba76c1857a56370781a707eefa4f4981e1",
                "sha256:a2de844e0e971d7bd8aa41284627dbeacc90e750b90acfb016836553c7a63192",
                "sha256:a365886c42177b2beab475a50ba311b59b04f233ceaebc4c341f6f91a86a78e2",
                "sha256:ab872cb57ae97c54ba7c71a9e3c9552beb57cb907c789b726895576d1ea9af6f",
                "sha256:ae643220584518cbff8bf2974a0494d3e250763af816b73326a512c86ae782ce",
                "sha256:b11e602987bcb4ea22b44178851f27406fca59b0836298d0beb009b504dba266",
                "sha256:b1256915f7e7a5cf2c151c9ac44834b37f9bd1c97e8dec6f936884f01b9dfc7d",
                "sha256:b182f0fb61f6ac435e416eb7ab330d62efdbf9b63cf0c7fa12d1f57c2eaaf6f3",
                "sha256:b33c6d4b3a1190bc0b6c158c3981535f9434e8ed9ffa40cf5586d66c1819fb4b",
                "sha256:b9bf90b3d96925cbf8ef44e5ee3cf39ef0c422f12d40f7a497e91febec546650",
                "sha256:bd375c4830fee11d502dd93ecadef63c137ae88e1aaa29cc15031fa66d1e0abb",
                "sha256:bdd8c15c3a14e409507fdf0c0434ec481d85c6cbeec8bdcd342a8cd1eda03825",
                "sha256:c4ef34b2ddbf448f1d644b4ec6475df8bbe5b9d0fee173ff2e87322a151663bd",
                "sha256:c56d2efdfaa1c642029f3a7a5bb76085c5531f7a530777be98232d2ce142553c",
                "sha256:c74f2da334ce597f31670db574766ddeaee5d9430c2c00e28d0fbb7f76172036",
                "sha256:cd2e6e97daf17ebb3254285cf8dd86c60d56d6cf35c67f0f9a557ef26bd66290",
                "sha256:ce897b5dafb7fb7587a95fe4d449c1ea0b6d9ac4462fbafefdbbeef6eee4cf6a",
                "sha256:d20ab9abc7e19767f1951772a6ab14cb4eddd886493c2da5ee12014596ad253f",
                "sha256:d5d5684f54d82d9b0cf0b2701e55a630527a9c3dd5ddcf7a2e726a475ac238f2",
                "sha256:dcb523243e988c849cf81220164ec3bbed378a699e595a8914fffe80596dc49f",
                "sha256:e2218d62ab63f3c5ad48eced898854d0c2c327a48f0fb02e2288d7e5332a22c8",
                "sha256:e33362e98c7899b5f60dcb06ada00acd8673ce0d59aefe9a542701251fd00423",
                "sha256:e3f2d1ea7cd57dfcd34821e38b4924c80a31bcf8067201b1ab07386996a9faee",
                "sha256:e65b8f7921bf60cbb207c132842a6b45eefef48c4c3b510eb16087d6c08c70af",
                "sha256:e721842e6b601ebbeb8cc5e12c75bbdd1d9e9561ea932f2f844c418c31256e82",
                "sha256:f81fe99a69ac8ee3fd905e70c62f3af033901aeb60b69317d1d43d547b46e510",
                "sha256:f83bd3d01f04061c3660742dc85143a89d49fd23eb31eccbf60ad56c4b955617",
                "sha256:fb67cf43ad83cb886cbbbff4df7dcaad7aedf94d64fca31aea0da7d26684283c",
                "sha256:fc02157f521af15143fae88f92ef3ddcc4e0cff05c40153a9549dc0fbdb9adb3",
                "sha256:fc4e26f592b51f97acf0a3f8dfed95e4d830c6a8fbf359361035df836381ab81",
                "sha256:ff08081c49b18ba253a99e6a47f492e6ee8019e19bbb6ddc3ed360cd3ecb2f62",
                "sha256:ff8982fc3bd49d55a91569fc8a3feba0de4cef0b391ff9091be546e9df075b81"
            ],
            "markers": "python_version >= '3.8'",
            "version": "==3.9.0"
        },
        "redis": {
            "hashes": [
                "sha256:23c52b208f92b56103e17c5d06bdc1a6c2c0b3106583985a76a18f83b265de2b",
                "sha256:b1cc3cfa5a2cb9c2ab3ba700864fb0ad75617b41f01352ce5779dabf6d5f9c3c"
            ],
            "markers": "python_version >= '3.10'",
            "version": "==7.1.0"
        },
        "requests": {
            "hashes": [
                "sha256:3324635456fa185245e24865e810cecec7b4caf933d7eb133dcde67d48cee69b",
                "sha256:c7ebc5e8b0f21837386ad0e1c8fe8b829fa5f544d8df3b2253bff14ef29d7652"
            ],
            "index": "pypi",
            "markers": "python_version >= '3.10'",
            "version": "==2.33.0"
        },
        "six": {
            "hashes": [
                "sha256:1e61c37477a1626458e36f7b1d82aa5c9b094fa4802892072e49de9c60c4c926",
                "sha256:8abb2f1d86890a2dfb989f9a77cfcfd3e47c2a354b01111771326f8aa26e0254"
            ],
            "markers": "python_version >= '2.7' and python_version not in '3.0, 3.1, 3.2, 3.3'",
            "version": "==1.16.0"
        },
        "spotipy": {
            "hashes": [
                "sha256:5ed45c044156ca5518997e2502b1f2c1e7336407cb1fb8fe112d144b4d5282c8",
                "sha256:694bc9734d94171716257bf18eea9f1cb2ff8c581e59c74464137433830cf890"
            ],
            "index": "pypi",
            "markers": "python_version >= '3.9'",
            "version": "==2.25.2"
        },
        "thefuzz": {
            "hashes": [
                "sha256:59729b33556850b90e1093c4cf9e618af6f2e4c985df193fdf3c5b5cf02ca481",
                "sha256:7138039a7ecf540da323792d8592ef9902b1d79eb78c147d4f20664de79f3680"
            ],
            "index": "pypi",
            "markers": "python_version >= '3.8'",
            "version": "==0.22.1"
        },
        "urllib3": {
            "hashes": [
                "sha256:231e0ec3b63ceb14667c67be60f2f2c40a518cb38b03af60abc813da26505f4c",
                "sha256:9fb4c81ebbb1ce9531cce37674bbc6f1360472bc18ca9a553ede278ef7276897"
            ],
            "markers": "python_version >= '3.10'",
            "version": "==2.7.0"
        }
    },
    "develop": {}
}
