{
    "_meta": {
        "hash": {
            "sha256": "002915a11691a7fe53a0c2931a4ae88e244d808cc7ff177f1f44e53479a51acb"
        },
        "pipfile-spec": 6,
        "requires": {
            "python_version": "3.12"
        },
        "sources": [
            {
                "name": "pypi",
                "url": "https://pypi.org/simple",
                "verify_ssl": true
            }
        ]
    },
    "default": {
        "certifi": {
            "hashes": [
                "sha256:3d5da6925056f6f18f119200434a4780a94263f10d1c21d032a6f6b2baa20651",
                "sha256:ca78db4565a652026a4db2bcdf68f2fb589ea80d0be70e03929ed730746b84fe"
            ],
            "markers": "python_version >= '3.6'",
            "version": "==2025.1.31"
        },
        "charset-normalizer": {
            "hashes": [
                "sha256:0167ddc8ab6508fe81860a57dd472b2ef4060e8d378f0cc555707126830f2537",
                "sha256:01732659ba9b5b873fc117534143e4feefecf3b2078b0a6a2e925271bb6f4cfa",
                "sha256:01ad647cdd609225c5350561d084b42ddf732f4eeefe6e678765636791e78b9a",
                "sha256:04432ad9479fa40ec0f387795ddad4437a2b50417c69fa275e212933519ff294",
                "sha256:0907f11d019260cdc3f94fbdb23ff9125f6b5d1039b76003b5b0ac9d6a6c9d5b",
                "sha256:0924e81d3d5e70f8126529951dac65c1010cdf117bb75eb02dd12339b57749dd",
                "sha256:09b26ae6b1abf0d27570633b2b078a2a20419c99d66fb2823173d73f188ce601",
                "sha256:09b5e6733cbd160dcc09589227187e242a30a49ca5cefa5a7edd3f9d19ed53fd",
                "sha256:0af291f4fe114be0280cdd29d533696a77b5b49cfde5467176ecab32353395c4",
                "sha256:0f55e69f030f7163dffe9fd0752b32f070566451afe180f99dbeeb81f511ad8d",
                "sha256:1a2bc9f351a75ef49d664206d51f8e5ede9da246602dc2d2726837620ea034b2",
                "sha256:22e14b5d70560b8dd51ec22863f370d1e595ac3d024cb8ad7d308b4cd95f8313",
                "sha256:234ac59ea147c59ee4da87a0c0f098e9c8d169f4dc2a159ef720f1a61bbe27cd",
                "sha256:2369eea1ee4a7610a860d88f268eb39b95cb588acd7235e02fd5a5601773d4fa",
                "sha256:237bdbe6159cff53b4f24f397d43c6336c6b0b42affbe857970cefbb620911c8",
                "sha256:28bf57629c75e810b6ae989f03c0828d64d6b26a5e205535585f96093e405ed1",
                "sha256:2967f74ad52c3b98de4c3b32e1a44e32975e008a9cd2a8cc8966d6a5218c5cb2",
                "sha256:2a75d49014d118e4198bcee5ee0a6f25856b29b12dbf7cd012791f8a6cc5c496",
                "sha256:2bdfe3ac2e1bbe5b59a1a63721eb3b95fc9b6817ae4a46debbb4e11f6232428d",
                "sha256:2d074908e1aecee37a7635990b2c6d504cd4766c7bc9fc86d63f9c09af3fa11b",
                "sha256:2fb9bd477fdea8684f78791a6de97a953c51831ee2981f8e4f583ff3b9d9687e",
                "sha256:311f30128d7d333eebd7896965bfcfbd0065f1716ec92bd5638d7748eb6f936a",
                "sha256:329ce159e82018d646c7ac45b01a430369d526569ec08516081727a20e9e4af4",
                "sha256:345b0426edd4e18138d6528aed636de7a9ed169b4aaf9d61a8c19e39d26838ca",
                "sha256:363e2f92b0f0174b2f8238240a1a30142e3db7b957a5dd5689b0e75fb717cc78",
                "sha256:3a3bd0dcd373514dcec91c411ddb9632c0d7d92aed7093b8c3bbb6d69ca74408",
                "sha256:3bed14e9c89dcb10e8f3a29f9ccac4955aebe93c71ae803af79265c9ca5644c5",
                "sha256:44251f18cd68a75b56585dd00dae26183e102cd5e0f9f1466e6df5da2ed64ea3",
                "sha256:44ecbf16649486d4aebafeaa7ec4c9fed8b88101f4dd612dcaf65d5e815f837f",
                "sha256:4532bff1b8421fd0a320463030c7520f56a79c9024a4e88f01c537316019005a",
                "sha256:49402233c892a461407c512a19435d1ce275543138294f7ef013f0b63d5d3765",
                "sha256:4c0907b1928a36d5a998d72d64d8eaa7244989f7aaaf947500d3a800c83a3fd6",
                "sha256:4d86f7aff21ee58f26dcf5ae81a9addbd914115cdebcbb2217e4f0ed8982e146",
                "sha256:5777ee0881f9499ed0f71cc82cf873d9a0ca8af166dfa0af8ec4e675b7df48e6",
                "sha256:5df196eb874dae23dcfb968c83d4f8fdccb333330fe1fc278ac5ceeb101003a9",
                "sha256:619a609aa74ae43d90ed2e89bdd784765de0a25ca761b93e196d938b8fd1dbbd",
                "sha256:6e27f48bcd0957c6d4cb9d6fa6b61d192d0b13d5ef563e5f2ae35feafc0d179c",
                "sha256:6ff8a4a60c227ad87030d76e99cd1698345d4491638dfa6673027c48b3cd395f",
                "sha256:73d94b58ec7fecbc7366247d3b0b10a21681004153238750bb67bd9012414545",
                "sha256:7461baadb4dc00fd9e0acbe254e3d7d2112e7f92ced2adc96e54ef6501c5f176",
                "sha256:75832c08354f595c760a804588b9357d34ec00ba1c940c15e31e96d902093770",
                "sha256:7709f51f5f7c853f0fb938bcd3bc59cdfdc5203635ffd18bf354f6967ea0f824",
                "sha256:78baa6d91634dfb69ec52a463534bc0df05dbd546209b79a3880a34487f4b84f",
                "sha256:7974a0b5ecd505609e3b19742b60cee7aa2aa2fb3151bc917e6e2646d7667dcf",
                "sha256:7a4f97a081603d2050bfaffdefa5b02a9ec823f8348a572e39032caa8404a487",
                "sha256:7b1bef6280950ee6c177b326508f86cad7ad4dff12454483b51d8b7d673a2c5d",
                "sha256:7d053096f67cd1241601111b698f5cad775f97ab25d81567d3f59219b5f1adbd",
                "sha256:804a4d582ba6e5b747c625bf1255e6b1507465494a40a2130978bda7b932c90b",
                "sha256:807f52c1f798eef6cf26beb819eeb8819b1622ddfeef9d0977a8502d4db6d534",
                "sha256:80ed5e856eb7f30115aaf94e4a08114ccc8813e6ed1b5efa74f9f82e8509858f",
                "sha256:8417cb1f36cc0bc7eaba8ccb0e04d55f0ee52df06df3ad55259b9a323555fc8b",
                "sha256:8436c508b408b82d87dc5f62496973a1805cd46727c34440b0d29d8a2f50a6c9",
                "sha256:89149166622f4db9b4b6a449256291dc87a99ee53151c74cbd82a53c8c2f6ccd",
                "sha256:8bfa33f4f2672964266e940dd22a195989ba31669bd84629f05fab3ef4e2d125",
                "sha256:8c60ca7339acd497a55b0ea5d506b2a2612afb2826560416f6894e8b5770d4a9",
                "sha256:91b36a978b5ae0ee86c394f5a54d6ef44db1de0815eb43de826d41d21e4af3de",
                "sha256:955f8851919303c92343d2f66165294848d57e9bba6cf6e3625485a70a038d11",
                "sha256:97f68b8d6831127e4787ad15e6757232e14e12060bec17091b85eb1486b91d8d",
                "sha256:9b23ca7ef998bc739bf6ffc077c2116917eabcc901f88da1b9856b210ef63f35",
                "sha256:9f0b8b1c6d84c8034a44893aba5e767bf9c7a211e313a9605d9c617d7083829f",
                "sha256:aabfa34badd18f1da5ec1bc2715cadc8dca465868a4e73a0173466b688f29dda",
                "sha256:ab36c8eb7e454e34e60eb55ca5d241a5d18b2c6244f6827a30e451c42410b5f7",
                "sha256:b010a7a4fd316c3c484d482922d13044979e78d1861f0e0650423144c616a46a",
                "sha256:b1ac5992a838106edb89654e0aebfc24f5848ae2547d22c2c3f66454daa11971",
                "sha256:b7b2d86dd06bfc2ade3312a83a5c364c7ec2e3498f8734282c6c3d4b07b346b8",
                "sha256:b97e690a2118911e39b4042088092771b4ae3fc3aa86518f84b8cf6888dbdb41",
                "sha256:bc2722592d8998c870fa4e290c2eec2c1569b87fe58618e67d38b4665dfa680d",
                "sha256:c0429126cf75e16c4f0ad00ee0eae4242dc652290f940152ca8c75c3a4b6ee8f",
                "sha256:c30197aa96e8eed02200a83fba2657b4c3acd0f0aa4bdc9f6c1af8e8962e0757",
                "sha256:c4c3e6da02df6fa1410a7680bd3f63d4f710232d3139089536310d027950696a",
                "sha256:c75cb2a3e389853835e84a2d8fb2b81a10645b503eca9bcb98df6b5a43eb8886",
                "sha256:c96836c97b1238e9c9e3fe90844c947d5afbf4f4c92762679acfe19927d81d77",
                "sha256:d7f50a1f8c450f3925cb367d011448c39239bb3eb4117c36a6d354794de4ce76",
                "sha256:d973f03c0cb71c5ed99037b870f2be986c3c05e63622c017ea9816881d2dd247",
                "sha256:d98b1668f06378c6dbefec3b92299716b931cd4e6061f3c875a71ced1780ab85",
                "sha256:d9c3cdf5390dcd29aa8056d13e8e99526cda0305acc038b96b30352aff5ff2bb",
                "sha256:dad3e487649f498dd991eeb901125411559b22e8d7ab25d3aeb1af367df5efd7",
                "sha256:dccbe65bd2f7f7ec22c4ff99ed56faa1e9f785482b9bbd7c717e26fd723a1d1e",
                "sha256:dd78cfcda14a1ef52584dbb008f7ac81c1328c0f58184bf9a84c49c605002da6",
                "sha256:e218488cd232553829be0664c2292d3af2eeeb94b32bea483cf79ac6a694e037",
                "sha256:e358e64305fe12299a08e08978f51fc21fac060dcfcddd95453eabe5b93ed0e1",
                "sha256:ea0d8d539afa5eb2728aa1932a988a9a7af94f18582ffae4bc10b3fbdad0626e",
                "sha256:eab677309cdb30d047996b36d34caeda1dc91149e4fdca0b1a039b3f79d9a807",
                "sha256:eb8178fe3dba6450a3e024e95ac49ed3400e506fd4e9e5c32d30adda88cbd407",
                "sha256:ecddf25bee22fe4fe3737a399d0d177d72bc22be6913acfab364b40bce1ba83c",
                "sha256:eea6ee1db730b3483adf394ea72f808b6e18cf3cb6454b4d86e04fa8c4327a12",
                "sha256:f08ff5e948271dc7e18a35641d2f11a4cd8dfd5634f55228b691e62b37125eb3",
                "sha256:f30bf9fd9be89ecb2360c7d94a711f00c09b976258846efe40db3d05828e8089",
                "sha256:fa88b843d6e211393a37219e6a1c1df99d35e8fd90446f1118f4216e307e48cd",
                "sha256:fc54db6c8593ef7d4b2a331b58653356cf04f67c960f584edb7c3d8c97e8f39e",
                "sha256:fd4ec41f914fa74ad1b8304bbc634b3de73d2a0889bd32076342a573e0779e00",
                "sha256:ffc9202a29ab3920fa812879e95a9e78b2465fd10be7fcbd042899695d75e616"
            ],
            "markers": "python_version >= '3.7'",
            "version": "==3.4.1"
        },
        "docopt": {
            "hashes": [
                "sha256:49b3a825280bd66b3aa83585ef59c4a8c82f2c8a522dbe754a8bc8d08c85c491"
            ],
            "index": "pypi",
            "version": "==0.6.2"
        },
        "idna": {
            "hashes": [
                "sha256:12f65c9b470abda6dc35cf8e63cc574b1c52b11df2c86030af0ac09b01b13ea9",
                "sha256:946d195a0d259cbba61165e88e65941f16e9b36ea6ddb97f00452bae8b1287d3"
            ],
            "markers": "python_version >= '3.6'",
            "version": "==3.10"
        },
        "rapidfuzz": {
            "hashes": [
                "sha256:014ac55b03f4074f903248ded181f3000f4cdbd134e6155cbf643f0eceb4f70f",
                "sha256:08d8b49b3a4fb8572e480e73fcddc750da9cbb8696752ee12cca4bf8c8220d52",
                "sha256:0bb28ab5300cf974c7eb68ea21125c493e74b35b1129e629533468b2064ae0a2",
                "sha256:0c5b8f9a7b177af6ce7c6ad5b95588b4b73e37917711aafa33b2e79ee80fe709",
                "sha256:0ca799f882364e69d0872619afb19efa3652b7133c18352e4a3d86a324fb2bb1",
                "sha256:0dcb95fde22f98e6d0480db8d6038c45fe2d18a338690e6f9bba9b82323f3469",
                "sha256:0e2e106cc66453bb80d2ad9c0044f8287415676df5c8036d737d05d4b9cdbf8e",
                "sha256:0e86e39c1c1a0816ceda836e6f7bd3743b930cbc51a43a81bb433b552f203f25",
                "sha256:1179dcd3d150a67b8a678cd9c84f3baff7413ff13c9e8fe85e52a16c97e24c9b",
                "sha256:11a7ec4676242c8a430509cff42ce98bca2fbe30188a63d0f60fdcbfd7e84970",
                "sha256:134b7098ac109834eeea81424b6822f33c4c52bf80b81508295611e7a21be12a",
                "sha256:13857f9070600ea1f940749f123b02d0b027afbaa45e72186df0f278915761d0",
                "sha256:170822a1b1719f02b58e3dce194c8ad7d4c5b39be38c0fdec603bd19c6f9cf81",
                "sha256:182b4e11de928fb4834e8f8b5ecd971b5b10a86fabe8636ab65d3a9b7e0e9ca7",
                "sha256:1b1f74997b6d94d66375479fa55f70b1c18e4d865d7afcd13f0785bfd40a9d3c",
                "sha256:1d536f8beb8dd82d6efb20fe9f82c2cfab9ffa0384b5d184327e393a4edde91d",
                "sha256:2003071aa633477a01509890c895f9ef56cf3f2eaa72c7ec0b567f743c1abcba",
                "sha256:2444d8155d9846f206e2079bb355b85f365d9457480b0d71677a112d0a7f7128",
                "sha256:28da953eb2ef9ad527e536022da7afff6ace7126cdd6f3e21ac20f8762e76d2c",
                "sha256:2a96209f046fe328be30fc43f06e3d4b91f0d5b74e9dcd627dbfd65890fa4a5e",
                "sha256:2bc5559b9b94326922c096b30ae2d8e5b40b2e9c2c100c2cc396ad91bcb84d30",
                "sha256:2d267d4c982ab7d177e994ab1f31b98ff3814f6791b90d35dda38307b9e7c989",
                "sha256:3083512e9bf6ed2bb3d25883922974f55e21ae7f8e9f4e298634691ae1aee583",
                "sha256:30f7609da871510583f87484a10820b26555a473a90ab356cdda2f3b4456256c",
                "sha256:33cfabcb7fd994938a6a08e641613ce5fe46757832edc789c6a5602e7933d6fa",
                "sha256:36bf35df2d6c7d5820da20a6720aee34f67c15cd2daf8cf92e8141995c640c25",
                "sha256:3733aede16ea112728ffeafeb29ccc62e095ed8ec816822fa2a82e92e2c08696",
                "sha256:3904d0084ab51f82e9f353031554965524f535522a48ec75c30b223eb5a0a488",
                "sha256:3a16c48c6df8fb633efbbdea744361025d01d79bca988f884a620e63e782fe5b",
                "sha256:3c42a238bf9dd48f4ccec4c6934ac718225b00bb3a438a008c219e7ccb3894c7",
                "sha256:3f4a2468432a1db491af6f547fad8f6d55fa03e57265c2f20e5eaceb68c7907e",
                "sha256:413ac49bae291d7e226a5c9be65c71b2630b3346bce39268d02cb3290232e4b7",
                "sha256:4514980a5d204c076dd5b756960f6b1b7598f030009456e6109d76c4c331d03c",
                "sha256:47b7c0840afa724db3b1a070bc6ed5beab73b4e659b1d395023617fc51bf68a2",
                "sha256:47d97e28c42f1efb7781993b67c749223f198f6653ef177a0c8f2b1c516efcaf",
                "sha256:48105991ff6e4a51c7f754df500baa070270ed3d41784ee0d097549bc9fcb16d",
                "sha256:488f74126904db6b1bea545c2f3567ea882099f4c13f46012fe8f4b990c683df",
                "sha256:491274080742110427f38a6085bb12dffcaff1eef12dccf9e8758398c7e3957e",
                "sha256:4eea3bf72c4fe68e957526ffd6bcbb403a21baa6b3344aaae2d3252313df6199",
                "sha256:544b0bf9d17170720809918e9ccd0d482d4a3a6eca35630d8e1459f737f71755",
                "sha256:55e2c5076f38fc1dbaacb95fa026a3e409eee6ea5ac4016d44fb30e4cad42b20",
                "sha256:5c396562d304e974b4b0d5cd3afc4f92c113ea46a36e6bc62e45333d6aa8837e",
                "sha256:623883fb78e692d54ed7c43b09beec52c6685f10a45a7518128e25746667403b",
                "sha256:633b9d03fc04abc585c197104b1d0af04b1f1db1abc99f674d871224cd15557a",
                "sha256:65d9250a4b0bf86320097306084bc3ca479c8f5491927c170d018787793ebe95",
                "sha256:68da1b70458fea5290ec9a169fcffe0c17ff7e5bb3c3257e63d7021a50601a8e",
                "sha256:6993d361f28b9ef5f0fa4e79b8541c2f3507be7471b9f9cb403a255e123b31e1",
                "sha256:6a7f273906b3c7cc6d63a76e088200805947aa0bc1ada42c6a0e582e19c390d7",
                "sha256:6a83128d505cac76ea560bb9afcb3f6986e14e50a6f467db9a31faef4bd9b347",
                "sha256:6c1ed63345d1581c39d4446b1a8c8f550709656ce2a3c88c47850b258167f3c2",
                "sha256:731269812ea837e0b93d913648e404736407408e33a00b75741e8f27c590caa2",
                "sha256:7988363b3a415c5194ce1a68d380629247f8713e669ad81db7548eb156c4f365",
                "sha256:7c09f4e87e82a164c9db769474bc61f8c8b677f2aeb0234b8abac73d2ecf9799",
                "sha256:849160dc0f128acb343af514ca827278005c1d00148d025e4035e034fc2d8c7f",
                "sha256:8e5ff882d3a3d081157ceba7e0ebc7fac775f95b08cbb143accd4cece6043819",
                "sha256:905b01a9b633394ff6bb5ebb1c5fd660e0e180c03fcf9d90199cc6ed74b87cf7",
                "sha256:9a06a99f1335fe43464d7121bc6540de7cd9c9475ac2025babb373fe7f27846b",
                "sha256:9bc0f7e6256a9c668482c41c8a3de5d0aa12e8ca346dcc427b97c7edb82cba48",
                "sha256:9d6478957fb35c7844ad08f2442b62ba76c1857a56370781a707eefa4f4981e1",
                "sha256:a2de844e0e971d7bd8aa41284627dbeacc90e750b90acfb016836553c7a63192",
                "sha256:a365886c42177b2beab475a50ba311b59b04f233ceaebc4c341f6f91a86a78e2",
                "sha256:ab872cb57ae97c54ba7c71a9e3c9552beb57cb907c789b726895576d1ea9af6f",
                "sha256:ae643220584518cbff8bf2974a0494d3e250763af816b73326a512c86ae782ce",
                "sha256:b11e602987bcb4ea22b44178851f27406fca59b0836298d0beb009b504dba266",
                "sha256:b1256915f7e7a5cf2c151c9ac44834b37f9bd1c97e8dec6f936884f01b9dfc7d",
                "sha256:b182f0fb61f6ac435e416eb7ab330d62efdbf9b63cf0c7fa12d1f57c2eaaf6f3",
                "sha256:b33c6d4b3a1190bc0b6c158c3981535f9434e8ed9ffa40cf5586d66c1819fb4b",
                "sha256:b9bf90b3d96925cbf8ef44e5ee3cf39ef0c422f12d40f7a497e91febec546650",
                "sha256:bd375c4830fee11d502dd93ecadef63c137ae88e1aaa29cc15031fa66d1e0abb",
                "sha256:bdd8c15c3a14e409507fdf0c0434ec481d85c6cbeec8bdcd342a8cd1eda03825",
                "sha256:c4ef34b2ddbf448f1d644b4ec6475df8bbe5b9d0fee173ff2e87322a151663bd",
                "sha256:c56d2efdfaa1c642029f3a7a5bb76085c5531f7a530777be98232d2ce142553c",
                "sha256:c74f2da334ce597f31670db574766ddeaee5d9430c2c00e28d0fbb7f76172036",
                "sha256:cd2e6e97daf17ebb3254285cf8dd86c60d56d6cf35c67f0f9a557ef26bd66290",
                "sha256:ce897b5dafb7fb7587a95fe4d449c1ea0b6d9ac4462fbafefdbbeef6eee4cf6a",
                "sha256:d20ab9abc7e19767f1951772a6ab14cb4eddd886493c2da5ee12014596ad253f",
                "sha256:d5d5684f54d82d9b0cf0b2701e55a630527a9c3dd5ddcf7a2e726a475ac238f2",
                "sha256:dcb523243e988c849cf81220164ec3bbed378a699e595a8914fffe80596dc49f",
                "sha256:e2218d62ab63f3c5ad48eced898854d0c2c327a48f0fb02e2288d7e5332a22c8",
                "sha256:e33362e98c7899b5f60dcb06ada00acd8673ce0d59aefe9a542701251fd00423",
                "sha256:e3f2d1ea7cd57dfcd34821e38b4924c80a31bcf8067201b1ab07386996a9faee",
                "sha256:e65b8f7921bf60cbb207c132842a6b45eefef48c4c3b510eb16087d6c08c70af",
                "sha256:e721842e6b601ebbeb8cc5e12c75bbdd1d9e9561ea932f2f844c418c31256e82",
                "sha256:f81fe99a69ac8ee3fd905e70c62f3af033901aeb60b69317d1d43d547b46e510",
                "sha256:f83bd3d01f04061c3660742dc85143a89d49fd23eb31eccbf60ad56c4b955617",
                "sha256:fb67cf43ad83cb886cbbbff4df7dcaad7aedf94d64fca31aea0da7d26684283c",
                "sha256:fc02157f521af15143fae88f92ef3ddcc4e0cff05c40153a9549dc0fbdb9adb3",
                "sha256:fc4e26f592b51f97acf0a3f8dfed95e4d830c6a8fbf359361035df836381ab81",
                "sha256:ff08081c49b18ba253a99e6a47f492e6ee8019e19bbb6ddc3ed360cd3ecb2f62",
                "sha256:ff8982fc3bd49d55a91569fc8a3feba0de4cef0b391ff9091be546e9df075b81"
            ],
            "markers": "python_version >= '3.8'",
            "version": "==3.9.0"
        },
        "redis": {
            "hashes": [
                "sha256:16f2e22dff21d5125e8481515e386711a34cbec50f0e44413dd7d9c060a54e0f",
                "sha256:ee7e1056b9aea0f04c6c2ed59452947f34c4940ee025f5dd83e6a6418b6989e4"
            ],
            "markers": "python_version >= '3.8'",
            "version": "==5.2.1"
        },
        "requests": {
            "hashes": [
                "sha256:55365417734eb18255590a9ff9eb97e9e1da868d4ccd6402399eaf68af20a760",
                "sha256:70761cfe03c773ceb22aa2f671b4757976145175cdfca038c02654d061d6dcc6"
            ],
            "markers": "python_version >= '3.8'",
            "version": "==2.32.3"
        },
        "six": {
            "hashes": [
                "sha256:1e61c37477a1626458e36f7b1d82aa5c9b094fa4802892072e49de9c60c4c926",
                "sha256:8abb2f1d86890a2dfb989f9a77cfcfd3e47c2a354b01111771326f8aa26e0254"
            ],
            "markers": "python_version >= '2.7' and python_version not in '3.0, 3.1, 3.2, 3.3'",
            "version": "==1.16.0"
        },
        "spotipy": {
            "hashes": [
                "sha256:18f47d9a0594ced8001b3baa5a4160ea6dcf570abbdad371971f475a81892844",
                "sha256:607d3c43722b7e217a7e6c82f17258b798b92a512017d60c06323d62ae814cd7"
            ],
            "index": "pypi",
            "markers": "python_version >= '3.9'",
            "version": "==2.25.1"
        },
        "thefuzz": {
            "hashes": [
                "sha256:59729b33556850b90e1093c4cf9e618af6f2e4c985df193fdf3c5b5cf02ca481",
                "sha256:7138039a7ecf540da323792d8592ef9902b1d79eb78c147d4f20664de79f3680"
            ],
            "index": "pypi",
            "markers": "python_version >= '3.8'",
            "version": "==0.22.1"
        },
        "urllib3": {
            "hashes": [
                "sha256:1cee9ad369867bfdbbb48b7dd50374c0967a0bb7710050facf0dd6911440e3df",
                "sha256:f8c5449b3cf0861679ce7e0503c7b44b5ec981bec0d1d3795a07f1ba96f0204d"
            ],
            "markers": "python_version >= '3.9'",
            "version": "==2.3.0"
        }
    },
    "develop": {}
}
